
Microsoft Visual Studio Solution File, Format Version 12.00
# Visual Studio 14
VisualStudioVersion = 14.0.23107.0
MinimumVisualStudioVersion = 10.0.40219.1
Project("{2150E333-8FDC-42A3-9474-1A3956D46DE8}") = "Solution Items", "Solution Items", "{EB871F3A-82DF-47B8-AED2-B6EF5F176EFA}"
	ProjectSection(SolutionItems) = preProject
		..\dbsetup\InsertVOResource.xsl = ..\dbsetup\InsertVOResource.xsl
		xsl\InsertVOResource_RegTap.xsl = xsl\InsertVOResource_RegTap.xsl
		..\dbsetup\VOResourceCreateBaseTables.sql = ..\dbsetup\VOResourceCreateBaseTables.sql
	EndProjectSection
EndProject
Project("{FAE04EC0-301F-11D3-BF4B-00C04F79EFBC}") = "OperationsManagement", "..\OperationsManagement\OperationsManagement.csproj", "{5D2AFF6A-2285-46F4-A5A3-00BCDC691349}"
	ProjectSection(ProjectDependencies) = postProject
		{030B00DA-2C47-40CC-B064-973EAD48B728} = {030B00DA-2C47-40CC-B064-973EAD48B728}
	EndProjectSection
EndProject
Project("{FAE04EC0-301F-11D3-BF4B-00C04F79EFBC}") = "registry", "registry.csproj", "{030B00DA-2C47-40CC-B064-973EAD48B728}"
EndProject
Project("{FAE04EC0-301F-11D3-BF4B-00C04F79EFBC}") = "Publishing", "..\publishing\Publishing.csproj", "{820A4B7B-0FA3-44A5-B4D2-8C2DA6BD96B1}"
EndProject
Project("{FAE04EC0-301F-11D3-BF4B-00C04F79EFBC}") = "HarvesterService", "..\harvesterservice\HarvesterService.csproj", "{D48C8ED0-CFC7-497F-A56E-298A8E333B2A}"
EndProject
Project("{2150E333-8FDC-42A3-9474-1A3956D46DE8}") = "lib", "lib", "{30481A94-6F00-453E-AF0D-FB9B6952A53F}"
	ProjectSection(SolutionItems) = preProject
		..\lib\DotNetOpenAuth.dll = ..\lib\DotNetOpenAuth.dll
		..\lib\DotNetOpenAuth.xsd = ..\lib\DotNetOpenAuth.xsd
		..\lib\nunit.framework.dll = ..\lib\nunit.framework.dll
		..\lib\nunit.framework.xml = ..\lib\nunit.framework.xml
		..\lib\System.Net.Http.dll = ..\lib\System.Net.Http.dll
		..\lib\System.Net.Http.xml = ..\lib\System.Net.Http.xml
	EndProjectSection
EndProject
Project("{2150E333-8FDC-42A3-9474-1A3956D46DE8}") = "dbsetup", "dbsetup", "{CDD6A808-BD5C-4DB3-9EB3-C487BB790700}"
	ProjectSection(SolutionItems) = preProject
		..\dbsetup\checkVOResource.xsl = ..\dbsetup\checkVOResource.xsl
		createschema.sql = createschema.sql
		..\dbsetup\InsertVOResource.xsl = ..\dbsetup\InsertVOResource.xsl
		..\dbsetup\VODataServiceUpgrade.xsl = ..\dbsetup\VODataServiceUpgrade.xsl
		..\dbsetup\VOResourceCreate_harvestertables.sql = ..\dbsetup\VOResourceCreate_harvestertables.sql
		..\dbsetup\VOResourceCreate_resumptiontables.sql = ..\dbsetup\VOResourceCreate_resumptiontables.sql
		..\dbsetup\VOResourceCreate_usertables.sql = ..\dbsetup\VOResourceCreate_usertables.sql
		..\dbsetup\VOResourceCreateBaseTables.sql = ..\dbsetup\VOResourceCreateBaseTables.sql
		..\dbsetup\VOResourceCreateUsers.sql = ..\dbsetup\VOResourceCreateUsers.sql
	EndProjectSection
EndProject
Project("{2150E333-8FDC-42A3-9474-1A3956D46DE8}") = "RegTAPFunctions", "RegTAPFunctions", "{F27275A9-A9D3-47D4-A007-1142A4803E8C}"
	ProjectSection(SolutionItems) = preProject
		..\dbsetup\RegTAPFunctions\create_ivo_hashlist_has.sql = ..\dbsetup\RegTAPFunctions\create_ivo_hashlist_has.sql
		..\dbsetup\RegTAPFunctions\create_ivo_hasword.sql = ..\dbsetup\RegTAPFunctions\create_ivo_hasword.sql
		..\dbsetup\RegTAPFunctions\create_ivo_nocasematch.sql = ..\dbsetup\RegTAPFunctions\create_ivo_nocasematch.sql
		..\dbsetup\RegTAPFunctions\create_split.sql = ..\dbsetup\RegTAPFunctions\create_split.sql
		..\dbsetup\RegTAPFunctions\create_synonym_ivo_string_agg.sql = ..\dbsetup\RegTAPFunctions\create_synonym_ivo_string_agg.sql
		..\dbsetup\RegTAPFunctions\grant_permissions.sql = ..\dbsetup\RegTAPFunctions\grant_permissions.sql
		..\dbsetup\RegTAPFunctions\GroupConcatInstallation.sql = ..\dbsetup\RegTAPFunctions\GroupConcatInstallation.sql
		..\dbsetup\RegTAPFunctions\GroupConcatUninstallation.sql = ..\dbsetup\RegTAPFunctions\GroupConcatUninstallation.sql
		..\dbsetup\RegTAPFunctions\manifest.txt = ..\dbsetup\RegTAPFunctions\manifest.txt
		..\dbsetup\RegTAPFunctions\sampleCallTo_ivo_string_agg.sql = ..\dbsetup\RegTAPFunctions\sampleCallTo_ivo_string_agg.sql
		..\dbsetup\RegTAPFunctions\Test.1.BuildTestData.sql = ..\dbsetup\RegTAPFunctions\Test.1.BuildTestData.sql
		..\dbsetup\RegTAPFunctions\Test.2.DemoFunctions.sql = ..\dbsetup\RegTAPFunctions\Test.2.DemoFunctions.sql
	EndProjectSection
EndProject
Project("{2150E333-8FDC-42A3-9474-1A3956D46DE8}") = "UserMigrationTool", "UserMigrationTool", "{062F0F85-29FB-4F03-8CA8-2EA9525AC7EF}"
EndProject
Project("{FAE04EC0-301F-11D3-BF4B-00C04F79EFBC}") = "UserMigrationTool", "..\dbsetup\UserMigrationTool\UserMigrationTool.csproj", "{45D33FE2-FB67-4996-A2DF-E06099CFEE2F}"
EndProject
Global
	GlobalSection(SolutionConfigurationPlatforms) = preSolution
		Debug|.NET = Debug|.NET
		Debug|Any CPU = Debug|Any CPU
		Debug|Mixed Platforms = Debug|Mixed Platforms
		Debug|x86 = Debug|x86
		Release|.NET = Release|.NET
		Release|Any CPU = Release|Any CPU
		Release|Mixed Platforms = Release|Mixed Platforms
		Release|x86 = Release|x86
	EndGlobalSection
	GlobalSection(ProjectConfigurationPlatforms) = postSolution
		{5D2AFF6A-2285-46F4-A5A3-00BCDC691349}.Debug|.NET.ActiveCfg = Debug|Any CPU
		{5D2AFF6A-2285-46F4-A5A3-00BCDC691349}.Debug|Any CPU.ActiveCfg = Debug|Any CPU
		{5D2AFF6A-2285-46F4-A5A3-00BCDC691349}.Debug|Any CPU.Build.0 = Debug|Any CPU
		{5D2AFF6A-2285-46F4-A5A3-00BCDC691349}.Debug|Mixed Platforms.ActiveCfg = Debug|Any CPU
		{5D2AFF6A-2285-46F4-A5A3-00BCDC691349}.Debug|Mixed Platforms.Build.0 = Debug|Any CPU
		{5D2AFF6A-2285-46F4-A5A3-00BCDC691349}.Debug|x86.ActiveCfg = Debug|Any CPU
		{5D2AFF6A-2285-46F4-A5A3-00BCDC691349}.Release|.NET.ActiveCfg = Release|Any CPU
		{5D2AFF6A-2285-46F4-A5A3-00BCDC691349}.Release|Any CPU.ActiveCfg = Release|Any CPU
		{5D2AFF6A-2285-46F4-A5A3-00BCDC691349}.Release|Any CPU.Build.0 = Release|Any CPU
		{5D2AFF6A-2285-46F4-A5A3-00BCDC691349}.Release|Mixed Platforms.ActiveCfg = Release|Any CPU
		{5D2AFF6A-2285-46F4-A5A3-00BCDC691349}.Release|Mixed Platforms.Build.0 = Release|Any CPU
		{5D2AFF6A-2285-46F4-A5A3-00BCDC691349}.Release|x86.ActiveCfg = Release|Any CPU
		{030B00DA-2C47-40CC-B064-973EAD48B728}.Debug|.NET.ActiveCfg = Debug|Any CPU
		{030B00DA-2C47-40CC-B064-973EAD48B728}.Debug|Any CPU.ActiveCfg = Debug|Any CPU
		{030B00DA-2C47-40CC-B064-973EAD48B728}.Debug|Any CPU.Build.0 = Debug|Any CPU
		{030B00DA-2C47-40CC-B064-973EAD48B728}.Debug|Mixed Platforms.ActiveCfg = Debug|Any CPU
		{030B00DA-2C47-40CC-B064-973EAD48B728}.Debug|Mixed Platforms.Build.0 = Debug|Any CPU
		{030B00DA-2C47-40CC-B064-973EAD48B728}.Debug|x86.ActiveCfg = Debug|Any CPU
		{030B00DA-2C47-40CC-B064-973EAD48B728}.Release|.NET.ActiveCfg = Release|Any CPU
		{030B00DA-2C47-40CC-B064-973EAD48B728}.Release|Any CPU.ActiveCfg = Release|Any CPU
		{030B00DA-2C47-40CC-B064-973EAD48B728}.Release|Any CPU.Build.0 = Release|Any CPU
		{030B00DA-2C47-40CC-B064-973EAD48B728}.Release|Mixed Platforms.ActiveCfg = Release|Any CPU
		{030B00DA-2C47-40CC-B064-973EAD48B728}.Release|Mixed Platforms.Build.0 = Release|Any CPU
		{030B00DA-2C47-40CC-B064-973EAD48B728}.Release|x86.ActiveCfg = Release|Any CPU
		{820A4B7B-0FA3-44A5-B4D2-8C2DA6BD96B1}.Debug|.NET.ActiveCfg = Debug|Any CPU
		{820A4B7B-0FA3-44A5-B4D2-8C2DA6BD96B1}.Debug|Any CPU.ActiveCfg = Debug|Any CPU
		{820A4B7B-0FA3-44A5-B4D2-8C2DA6BD96B1}.Debug|Any CPU.Build.0 = Debug|Any CPU
		{820A4B7B-0FA3-44A5-B4D2-8C2DA6BD96B1}.Debug|Mixed Platforms.ActiveCfg = Debug|Any CPU
		{820A4B7B-0FA3-44A5-B4D2-8C2DA6BD96B1}.Debug|Mixed Platforms.Build.0 = Debug|Any CPU
		{820A4B7B-0FA3-44A5-B4D2-8C2DA6BD96B1}.Debug|x86.ActiveCfg = Debug|Any CPU
		{820A4B7B-0FA3-44A5-B4D2-8C2DA6BD96B1}.Release|.NET.ActiveCfg = Release|Any CPU
		{820A4B7B-0FA3-44A5-B4D2-8C2DA6BD96B1}.Release|Any CPU.ActiveCfg = Release|Any CPU
		{820A4B7B-0FA3-44A5-B4D2-8C2DA6BD96B1}.Release|Any CPU.Build.0 = Release|Any CPU
		{820A4B7B-0FA3-44A5-B4D2-8C2DA6BD96B1}.Release|Mixed Platforms.ActiveCfg = Release|Any CPU
		{820A4B7B-0FA3-44A5-B4D2-8C2DA6BD96B1}.Release|Mixed Platforms.Build.0 = Release|Any CPU
		{820A4B7B-0FA3-44A5-B4D2-8C2DA6BD96B1}.Release|x86.ActiveCfg = Release|Any CPU
		{D48C8ED0-CFC7-497F-A56E-298A8E333B2A}.Debug|.NET.ActiveCfg = Debug|Any CPU
		{D48C8ED0-CFC7-497F-A56E-298A8E333B2A}.Debug|Any CPU.ActiveCfg = Debug|Any CPU
		{D48C8ED0-CFC7-497F-A56E-298A8E333B2A}.Debug|Any CPU.Build.0 = Debug|Any CPU
		{D48C8ED0-CFC7-497F-A56E-298A8E333B2A}.Debug|Mixed Platforms.ActiveCfg = Debug|Any CPU
		{D48C8ED0-CFC7-497F-A56E-298A8E333B2A}.Debug|Mixed Platforms.Build.0 = Debug|Any CPU
		{D48C8ED0-CFC7-497F-A56E-298A8E333B2A}.Debug|x86.ActiveCfg = Debug|Any CPU
		{D48C8ED0-CFC7-497F-A56E-298A8E333B2A}.Release|.NET.ActiveCfg = Release|Any CPU
		{D48C8ED0-CFC7-497F-A56E-298A8E333B2A}.Release|Any CPU.ActiveCfg = Release|Any CPU
		{D48C8ED0-CFC7-497F-A56E-298A8E333B2A}.Release|Any CPU.Build.0 = Release|Any CPU
		{D48C8ED0-CFC7-497F-A56E-298A8E333B2A}.Release|Mixed Platforms.ActiveCfg = Release|Any CPU
		{D48C8ED0-CFC7-497F-A56E-298A8E333B2A}.Release|Mixed Platforms.Build.0 = Release|Any CPU
		{D48C8ED0-CFC7-497F-A56E-298A8E333B2A}.Release|x86.ActiveCfg = Release|Any CPU
		{45D33FE2-FB67-4996-A2DF-E06099CFEE2F}.Debug|.NET.ActiveCfg = Debug|x86
		{45D33FE2-FB67-4996-A2DF-E06099CFEE2F}.Debug|Any CPU.ActiveCfg = Debug|x86
		{45D33FE2-FB67-4996-A2DF-E06099CFEE2F}.Debug|Mixed Platforms.ActiveCfg = Debug|x86
		{45D33FE2-FB67-4996-A2DF-E06099CFEE2F}.Debug|Mixed Platforms.Build.0 = Debug|x86
		{45D33FE2-FB67-4996-A2DF-E06099CFEE2F}.Debug|x86.ActiveCfg = Debug|x86
		{45D33FE2-FB67-4996-A2DF-E06099CFEE2F}.Debug|x86.Build.0 = Debug|x86
		{45D33FE2-FB67-4996-A2DF-E06099CFEE2F}.Release|.NET.ActiveCfg = Release|x86
		{45D33FE2-FB67-4996-A2DF-E06099CFEE2F}.Release|Any CPU.ActiveCfg = Release|x86
		{45D33FE2-FB67-4996-A2DF-E06099CFEE2F}.Release|Mixed Platforms.ActiveCfg = Release|x86
		{45D33FE2-FB67-4996-A2DF-E06099CFEE2F}.Release|Mixed Platforms.Build.0 = Release|x86
		{45D33FE2-FB67-4996-A2DF-E06099CFEE2F}.Release|x86.ActiveCfg = Release|x86
		{45D33FE2-FB67-4996-A2DF-E06099CFEE2F}.Release|x86.Build.0 = Release|x86
	EndGlobalSection
	GlobalSection(SolutionProperties) = preSolution
		HideSolutionNode = FALSE
	EndGlobalSection
	GlobalSection(NestedProjects) = preSolution
		{F27275A9-A9D3-47D4-A007-1142A4803E8C} = {CDD6A808-BD5C-4DB3-9EB3-C487BB790700}
		{062F0F85-29FB-4F03-8CA8-2EA9525AC7EF} = {CDD6A808-BD5C-4DB3-9EB3-C487BB790700}
		{45D33FE2-FB67-4996-A2DF-E06099CFEE2F} = {062F0F85-29FB-4F03-8CA8-2EA9525AC7EF}
	EndGlobalSection
EndGlobal
